{
  "name": "kui-shell",
  "version": "2.0.3",
  "lockfileVersion": 1,
  "requires": true,
  "dependencies": {
    "fileicon": {
      "version": "0.2.2",
      "resolved": "https://registry.npmjs.org/fileicon/-/fileicon-0.2.2.tgz",
      "integrity": "sha512-yD7liEQ5Dh4RGoBGAxF5WnORswd6TRzMYeDTOXXukK/W7qx2NoD3FrTVqOiqR3vcLtIYQ0KB2hZYqaREYOvP6w==",
      "optional": true
    }
  }
}
