{
  "name": "@kui-shell/builder",
  "version": "4.0.0",
  "lockfileVersion": 1,
  "requires": true,
  "dependencies": {
    "@types/js-yaml": {
      "version": "3.12.1",
      "resolved": "https://registry.npmjs.org/@types/js-yaml/-/js-yaml-3.12.1.tgz",
      "integrity": "sha512-SGGAhXLHDx+PK4YLNcNGa6goPf9XRWQNAUUbffkwVGGXIxmDKWyGGL4inzq2sPmExu431Ekb9aEMn9BkPqEYFA==",
      "dev": true
    },
    "@types/mkdirp": {
      "version": "0.5.2",
      "resolved": "https://registry.npmjs.org/@types/mkdirp/-/mkdirp-0.5.2.tgz",
      "integrity": "sha512-U5icWpv7YnZYGsN4/cmh3WD2onMY0aJIiTE6+51TwJCttdHvtCYmkBNOobHlXwrJRL0nkH9jH4kD+1FAdMN4Tg==",
      "dev": true,
      "requires": {
        "@types/node": "*"
      }
    },
    "@types/mkdirp-promise": {
      "version": "5.0.0",
      "resolved": "https://registry.npmjs.org/@types/mkdirp-promise/-/mkdirp-promise-5.0.0.tgz",
      "integrity": "sha512-rjHG/ZqgHWFHsnIOvkz7SVP8IaU/q1Kc/UtfkuJxjm0g9sIzwMCCdK3BUtaqwI4aH88bl4Ich4PbzTf4DSfRsA==",
      "dev": true,
      "requires": {
        "@types/mkdirp": "*"
      }
    },
    "@types/needle": {
      "version": "2.0.4",
      "resolved": "https://registry.npmjs.org/@types/needle/-/needle-2.0.4.tgz",
      "integrity": "sha512-dBSmQsIIGjqSu//zVPhQbTsAUI6sA05Q/raZTXqEna8+jjW7BxF9Sxjif9wkKwP6CYHfnz+E8nP3PdExGm6jOQ==",
      "dev": true,
      "requires": {
        "@types/node": "*"
      }
    },
    "@types/node": {
      "version": "12.0.8",
      "resolved": "https://registry.npmjs.org/@types/node/-/node-12.0.8.tgz",
      "integrity": "sha512-b8bbUOTwzIY3V5vDTY1fIJ+ePKDUBqt2hC2woVGotdQQhG/2Sh62HOKHrT7ab+VerXAcPyAiTEipPu/FsreUtg==",
      "dev": true
    },
    "@types/tmp": {
      "version": "0.1.0",
      "resolved": "https://registry.npmjs.org/@types/tmp/-/tmp-0.1.0.tgz",
      "integrity": "sha512-6IwZ9HzWbCq6XoQWhxLpDjuADodH/MKXRUIDFudvgjcVdjFknvmR+DNsoUeer4XPrEnrZs04Jj+kfV9pFsrhmA==",
      "dev": true
    },
    "@types/uuid": {
      "version": "3.4.5",
      "resolved": "https://registry.npmjs.org/@types/uuid/-/uuid-3.4.5.tgz",
      "integrity": "sha512-MNL15wC3EKyw1VLF+RoVO4hJJdk9t/Hlv3rt1OL65Qvuadm4BYo6g9ZJQqoq7X8NBFSsQXgAujWciovh2lpVjA==",
      "dev": true,
      "requires": {
        "@types/node": "*"
      }
    },
    "@types/yargs-parser": {
      "version": "13.0.0",
      "resolved": "https://registry.npmjs.org/@types/yargs-parser/-/yargs-parser-13.0.0.tgz",
      "integrity": "sha512-wBlsw+8n21e6eTd4yVv8YD/E3xq0O6nNnJIquutAsFGE7EyMKz7W6RNT6BRu1SmdgmlCZ9tb0X+j+D6HGr8pZw==",
      "dev": true
    },
    "balanced-match": {
      "version": "1.0.0",
      "resolved": "https://registry.npmjs.org/balanced-match/-/balanced-match-1.0.0.tgz",
      "integrity": "sha1-ibTRmasr7kneFk6gK4nORi1xt2c=",
      "dev": true
    },
    "brace-expansion": {
      "version": "1.1.11",
      "resolved": "https://registry.npmjs.org/brace-expansion/-/brace-expansion-1.1.11.tgz",
      "integrity": "sha512-iCuPHDFgrHX7H2vEI/5xpz07zSHB00TpugqhmYtVmMO6518mCuRMoOYFldEBl0g187ufozdaHgWKcYFb61qGiA==",
      "dev": true,
      "requires": {
        "balanced-match": "^1.0.0",
        "concat-map": "0.0.1"
      }
    },
    "buffer-from": {
      "version": "1.1.1",
      "resolved": "https://registry.npmjs.org/buffer-from/-/buffer-from-1.1.1.tgz",
      "integrity": "sha512-MQcXEUbCKtEo7bhqEs6560Hyd4XaovZlO/k9V3hjVUF/zwW7KBVdSK4gIt/bzwS9MbR5qob+F5jusZsb0YQK2A==",
      "dev": true
    },
    "colors": {
      "version": "1.3.3",
      "resolved": "https://registry.npmjs.org/colors/-/colors-1.3.3.tgz",
      "integrity": "sha512-mmGt/1pZqYRjMxB1axhTo16/snVZ5krrKkcmMeVKxzECMMXoCgnvTPp10QgHfcbQZw8Dq2jMNG6je4JlWU0gWg=="
    },
    "commander": {
      "version": "2.20.0",
      "resolved": "https://registry.npmjs.org/commander/-/commander-2.20.0.tgz",
      "integrity": "sha512-7j2y+40w61zy6YC2iRNpUe/NwhNyoXrYpHMrSunaMG64nRnaf96zO/KMQR4OyN/UnE5KLyEBnKHd4aG3rskjpQ==",
      "dev": true
    },
    "concat-map": {
      "version": "0.0.1",
      "resolved": "https://registry.npmjs.org/concat-map/-/concat-map-0.0.1.tgz",
      "integrity": "sha1-2Klr13/Wjfd5OnMDajug1UBdR3s=",
      "dev": true
    },
    "debug": {
      "version": "4.1.1",
      "resolved": "https://registry.npmjs.org/debug/-/debug-4.1.1.tgz",
      "integrity": "sha512-pYAIzeRo8J6KPEaJ0VWOh5Pzkbw/RetuzehGM7QRRX5he4fPHx2rdKMB256ehJCkX+XRQm16eZLqLNS8RSZXZw==",
      "requires": {
        "ms": "^2.1.1"
      }
    },
    "eslint-plugin-es": {
      "version": "1.4.0",
      "resolved": "https://registry.npmjs.org/eslint-plugin-es/-/eslint-plugin-es-1.4.0.tgz",
      "integrity": "sha512-XfFmgFdIUDgvaRAlaXUkxrRg5JSADoRC8IkKLc/cISeR3yHVMefFHQZpcyXXEUUPHfy5DwviBcrfqlyqEwlQVw==",
      "dev": true,
      "requires": {
        "eslint-utils": "^1.3.0",
        "regexpp": "^2.0.1"
      }
    },
    "eslint-plugin-node": {
      "version": "9.1.0",
      "resolved": "https://registry.npmjs.org/eslint-plugin-node/-/eslint-plugin-node-9.1.0.tgz",
      "integrity": "sha512-ZwQYGm6EoV2cfLpE1wxJWsfnKUIXfM/KM09/TlorkukgCAwmkgajEJnPCmyzoFPQQkmvo5DrW/nyKutNIw36Mw==",
      "dev": true,
      "requires": {
        "eslint-plugin-es": "^1.4.0",
        "eslint-utils": "^1.3.1",
        "ignore": "^5.1.1",
        "minimatch": "^3.0.4",
        "resolve": "^1.10.1",
        "semver": "^6.1.0"
      },
      "dependencies": {
        "ignore": {
          "version": "5.1.2",
          "resolved": "https://registry.npmjs.org/ignore/-/ignore-5.1.2.tgz",
          "integrity": "sha512-vdqWBp7MyzdmHkkRWV5nY+PfGRbYbahfuvsBCh277tq+w9zyNi7h5CYJCK0kmzti9kU+O/cB7sE8HvKv6aXAKQ==",
          "dev": true
        },
        "semver": {
          "version": "6.1.1",
          "resolved": "https://registry.npmjs.org/semver/-/semver-6.1.1.tgz",
          "integrity": "sha512-rWYq2e5iYW+fFe/oPPtYJxYgjBm8sC4rmoGdUOgBB7VnwKt6HrL793l2voH1UlsyYZpJ4g0wfjnTEO1s1NP2eQ==",
          "dev": true
        }
      }
    },
    "eslint-plugin-standard": {
      "version": "4.0.0",
      "resolved": "https://registry.npmjs.org/eslint-plugin-standard/-/eslint-plugin-standard-4.0.0.tgz",
      "integrity": "sha512-OwxJkR6TQiYMmt1EsNRMe5qG3GsbjlcOhbGUBY4LtavF9DsLaTcoR+j2Tdjqi23oUwKNUqX7qcn5fPStafMdlA==",
      "dev": true
    },
    "eslint-utils": {
      "version": "1.3.1",
      "resolved": "https://registry.npmjs.org/eslint-utils/-/eslint-utils-1.3.1.tgz",
      "integrity": "sha512-Z7YjnIldX+2XMcjr7ZkgEsOj/bREONV60qYeB/bjMAqqqZ4zxKyWX+BOUkdmRmA9riiIPVvo5x86m5elviOk0Q==",
      "dev": true
    },
    "esm": {
      "version": "3.2.25",
      "resolved": "https://registry.npmjs.org/esm/-/esm-3.2.25.tgz",
      "integrity": "sha512-U1suiZ2oDVWv4zPO56S0NcR5QriEahGtdN2OR6FiOG4WJvcjBVFB0qI4+eKoWFH483PKGuLuu6V8Z4T5g63UVA=="
    },
    "minimatch": {
      "version": "3.0.4",
      "resolved": "https://registry.npmjs.org/minimatch/-/minimatch-3.0.4.tgz",
      "integrity": "sha512-yJHVQEhyqPLUTgt9B83PXu6W3rx4MvvHvSUvToogpwoGDOUQ+yDrR0HRot+yOCdCO7u4hX3pWft6kWBBcqh0UA==",
      "dev": true,
      "requires": {
        "brace-expansion": "^1.1.7"
      }
    },
    "ms": {
      "version": "2.1.1",
      "resolved": "https://registry.npmjs.org/ms/-/ms-2.1.1.tgz",
      "integrity": "sha512-tgp+dl5cGk28utYktBsrFqA7HKgrhgPsg6Z/EfhWI4gl1Hwq8B/GmY/0oXZ6nF8hDVesS/FpnYaD/kOWhYQvyg=="
    },
    "path-parse": {
      "version": "1.0.6",
      "resolved": "https://registry.npmjs.org/path-parse/-/path-parse-1.0.6.tgz",
      "integrity": "sha512-GSmOT2EbHrINBf9SR7CDELwlJ8AENk3Qn7OikK4nFYAu3Ote2+JYNVvkpAEQm3/TLNEJFD/xZJjzyxg3KBWOzw==",
      "dev": true
    },
    "regexpp": {
      "version": "2.0.1",
      "resolved": "https://registry.npmjs.org/regexpp/-/regexpp-2.0.1.tgz",
      "integrity": "sha512-lv0M6+TkDVniA3aD1Eg0DVpfU/booSu7Eev3TDO/mZKHBfVjgCGTV4t4buppESEYDtkArYFOxTJWv6S5C+iaNw==",
      "dev": true
    },
    "resolve": {
      "version": "1.11.1",
      "resolved": "https://registry.npmjs.org/resolve/-/resolve-1.11.1.tgz",
      "integrity": "sha512-vIpgF6wfuJOZI7KKKSP+HmiKggadPQAdsp5HiC1mvqnfp0gF1vdwgBWZIdrVft9pgqoMFQN+R7BSWZiBxx+BBw==",
      "dev": true,
      "requires": {
        "path-parse": "^1.0.6"
      }
    },
    "source-map": {
      "version": "0.6.1",
      "resolved": "https://registry.npmjs.org/source-map/-/source-map-0.6.1.tgz",
      "integrity": "sha512-UjgapumWlbMhkBgzT7Ykc5YXUT46F0iKu8SGXq0bcwP5dz/h0Plj6enJqjz1Zbq2l5WaqYnrVbwWOWMyF3F47g==",
      "dev": true
    },
    "source-map-support": {
      "version": "0.5.12",
      "resolved": "https://registry.npmjs.org/source-map-support/-/source-map-support-0.5.12.tgz",
      "integrity": "sha512-4h2Pbvyy15EE02G+JOZpUCmqWJuqrs+sEkzewTm++BPi7Hvn/HwcqLAcNxYAyI0x13CpPPn+kMjl+hplXMHITQ==",
      "dev": true,
      "requires": {
        "buffer-from": "^1.0.0",
        "source-map": "^0.6.0"
      }
    },
    "terser": {
      "version": "3.17.0",
      "resolved": "https://registry.npmjs.org/terser/-/terser-3.17.0.tgz",
      "integrity": "sha512-/FQzzPJmCpjAH9Xvk2paiWrFq+5M6aVOf+2KRbwhByISDX/EujxsK+BAvrhb6H+2rtrLCHK9N01wO014vrIwVQ==",
      "dev": true,
      "requires": {
        "commander": "^2.19.0",
        "source-map": "~0.6.1",
        "source-map-support": "~0.5.10"
      }
    }
  }
}
