{
  "name": "editor",
  "version": "1.0.0",
  "lockfileVersion": 1,
  "requires": true,
  "dependencies": {
    "monaco-editor": {
      "version": "0.14.3",
      "resolved": "https://registry.npmjs.org/monaco-editor/-/monaco-editor-0.14.3.tgz",
      "integrity": "sha512-RhaO4xXmWn/p0WrkEOXe4PoZj6xOcvDYjoAh0e1kGUrQnP1IOpc0m86Ceuaa2CLEMDINqKijBSmqhvBQnsPLHQ=="
    }
  }
}
