{
  "name": "@kui-shell/plugin-tutorials",
  "version": "0.34.0",
  "lockfileVersion": 1,
  "requires": true,
  "dependencies": {
    "@types/marked": {
      "version": "0.6.5",
      "resolved": "https://registry.npmjs.org/@types/marked/-/marked-0.6.5.tgz",
      "integrity": "sha512-6kBKf64aVfx93UJrcyEZ+OBM5nGv4RLsI6sR1Ar34bpgvGVRoyTgpxn4ZmtxOM5aDTAaaznYuYUH8bUX3Nk3YA==",
      "dev": true
    },
    "jquery": {
      "version": "3.4.1",
      "resolved": "https://registry.npmjs.org/jquery/-/jquery-3.4.1.tgz",
      "integrity": "sha512-36+AdBzCL+y6qjw5Tx7HgzeGCzC81MDDgaUP8ld2zhx58HdqXGoBd+tHdrBMiyjGQs0Hxs/MLZTu/eHNJJuWPw=="
    },
    "marked": {
      "version": "0.6.2",
      "resolved": "https://registry.npmjs.org/marked/-/marked-0.6.2.tgz",
      "integrity": "sha512-LqxwVH3P/rqKX4EKGz7+c2G9r98WeM/SW34ybhgNGhUQNKtf1GmmSkJ6cDGJ/t6tiyae49qRkpyTw2B9HOrgUA=="
    }
  }
}
